
Microsoft Visual Studio Solution File, Format Version 12.00
# Visual Studio Version 16
VisualStudioVersion = 16.0.33927.289
MinimumVisualStudioVersion = 10.0.40219.1
Project("{FAE04EC0-301F-11D3-BF4B-00C04F79EFBC}") = "CodeQL", "CodeQL\CodeQL.csproj", "{C88C6F7C-05C0-425C-BCA8-F06C1DE65B34}"
EndProject
Global
	GlobalSection(SolutionConfigurationPlatforms) = preSolution
		Debug|Any CPU = Debug|Any CPU
		Release|Any CPU = Release|Any CPU
	EndGlobalSection
	GlobalSection(ProjectConfigurationPlatforms) = postSolution
		{C88C6F7C-05C0-425C-BCA8-F06C1DE65B34}.Debug|Any CPU.ActiveCfg = Debug|Any CPU
		{C88C6F7C-05C0-425C-BCA8-F06C1DE65B34}.Debug|Any CPU.Build.0 = Debug|Any CPU
		{C88C6F7C-05C0-425C-BCA8-F06C1DE65B34}.Release|Any CPU.ActiveCfg = Release|Any CPU
		{C88C6F7C-05C0-425C-BCA8-F06C1DE65B34}.Release|Any CPU.Build.0 = Release|Any CPU
	EndGlobalSection
	GlobalSection(SolutionProperties) = preSolution
		HideSolutionNode = FALSE
	EndGlobalSection
	GlobalSection(ExtensibilityGlobals) = postSolution
		SolutionGuid = {A6AD0575-6E62-4C8A-BB9C-A2968A7BB698}
	EndGlobalSection
EndGlobal
